
Microsoft Visual Studio Solution File, Format Version 10.00
# Visual Studio 2008
Project("{8BC9CEB8-8B4A-11D0-8D11-00A0C91BC942}") = "SmallWorld", "SmallWorld\SmallWorld.vcproj", "{71902998-C12C-48C1-81B7-8489251F5A58}"
EndProject
Project("{8BC9CEB8-8B4A-11D0-8D11-00A0C91BC942}") = "Sample2D", "Sample2D\Sample2D.vcproj", "{91D922DB-76F9-4428-BE6C-40F6F51139EF}"
	ProjectSection(ProjectDependencies) = postProject
		{71902998-C12C-48C1-81B7-8489251F5A58} = {71902998-C12C-48C1-81B7-8489251F5A58}
	EndProjectSection
EndProject
Global
	GlobalSection(SolutionConfigurationPlatforms) = preSolution
		Debug|Win32 = Debug|Win32
		Release|Win32 = Release|Win32
	EndGlobalSection
	GlobalSection(ProjectConfigurationPlatforms) = postSolution
		{71902998-C12C-48C1-81B7-8489251F5A58}.Debug|Win32.ActiveCfg = Debug|Win32
		{71902998-C12C-48C1-81B7-8489251F5A58}.Debug|Win32.Build.0 = Debug|Win32
		{71902998-C12C-48C1-81B7-8489251F5A58}.Release|Win32.ActiveCfg = Release|Win32
		{71902998-C12C-48C1-81B7-8489251F5A58}.Release|Win32.Build.0 = Release|Win32
		{91D922DB-76F9-4428-BE6C-40F6F51139EF}.Debug|Win32.ActiveCfg = Debug|Win32
		{91D922DB-76F9-4428-BE6C-40F6F51139EF}.Debug|Win32.Build.0 = Debug|Win32
		{91D922DB-76F9-4428-BE6C-40F6F51139EF}.Release|Win32.ActiveCfg = Release|Win32
		{91D922DB-76F9-4428-BE6C-40F6F51139EF}.Release|Win32.Build.0 = Release|Win32
	EndGlobalSection
	GlobalSection(SolutionProperties) = preSolution
		HideSolutionNode = FALSE
	EndGlobalSection
EndGlobal
